
Microsoft Visual Studio Solution File, Format Version 12.00
# Visual Studio Version 16
VisualStudioVersion = 16.0.31727.386
MinimumVisualStudioVersion = 10.0.40219.1
Project("{FAE04EC0-301F-11D3-BF4B-00C04F79EFBC}") = "bank_app", "bank_app\bank_app.csproj", "{E66EA1E7-23A7-483F-A25C-1A4C5B66E14A}"
EndProject
Global
	GlobalSection(SolutionConfigurationPlatforms) = preSolution
		Debug|Any CPU = Debug|Any CPU
		Release|Any CPU = Release|Any CPU
	EndGlobalSection
	GlobalSection(ProjectConfigurationPlatforms) = postSolution
		{E66EA1E7-23A7-483F-A25C-1A4C5B66E14A}.Debug|Any CPU.ActiveCfg = Debug|Any CPU
		{E66EA1E7-23A7-483F-A25C-1A4C5B66E14A}.Debug|Any CPU.Build.0 = Debug|Any CPU
		{E66EA1E7-23A7-483F-A25C-1A4C5B66E14A}.Release|Any CPU.ActiveCfg = Release|Any CPU
		{E66EA1E7-23A7-483F-A25C-1A4C5B66E14A}.Release|Any CPU.Build.0 = Release|Any CPU
	EndGlobalSection
	GlobalSection(SolutionProperties) = preSolution
		HideSolutionNode = FALSE
	EndGlobalSection
	GlobalSection(ExtensibilityGlobals) = postSolution
		SolutionGuid = {AE16493E-368E-4D39-8A6B-8EC9CB180332}
	EndGlobalSection
EndGlobal
